
Microsoft Visual Studio Solution File, Format Version 12.00
# Visual Studio Version 16
VisualStudioVersion = 16.0.29709.97
MinimumVisualStudioVersion = 10.0.40219.1
Project("{9A19103F-16F7-4668-BE54-9A1E7A4F7556}") = "DecisionTree.Web", "DecisionTree.Web\DecisionTree.Web.csproj", "{43C7E480-5754-4A2F-AD82-F368077977B5}"
EndProject
Project("{9A19103F-16F7-4668-BE54-9A1E7A4F7556}") = "DecisionTree.Core", "DecisionTree.Core\DecisionTree.Core.csproj", "{9CF646E5-4FDF-4AA6-AE98-A1F748572785}"
EndProject
Project("{9A19103F-16F7-4668-BE54-9A1E7A4F7556}") = "DecisionTree.Tests", "DecisionTree.Tests\DecisionTree.Tests.csproj", "{31A818C8-B5E0-4314-A65C-CA8A8DD64938}"
EndProject
Global
	GlobalSection(SolutionConfigurationPlatforms) = preSolution
		Debug|Any CPU = Debug|Any CPU
		Release|Any CPU = Release|Any CPU
	EndGlobalSection
	GlobalSection(ProjectConfigurationPlatforms) = postSolution
		{43C7E480-5754-4A2F-AD82-F368077977B5}.Debug|Any CPU.ActiveCfg = Debug|Any CPU
		{43C7E480-5754-4A2F-AD82-F368077977B5}.Debug|Any CPU.Build.0 = Debug|Any CPU
		{43C7E480-5754-4A2F-AD82-F368077977B5}.Release|Any CPU.ActiveCfg = Release|Any CPU
		{43C7E480-5754-4A2F-AD82-F368077977B5}.Release|Any CPU.Build.0 = Release|Any CPU
		{9CF646E5-4FDF-4AA6-AE98-A1F748572785}.Debug|Any CPU.ActiveCfg = Debug|Any CPU
		{9CF646E5-4FDF-4AA6-AE98-A1F748572785}.Debug|Any CPU.Build.0 = Debug|Any CPU
		{9CF646E5-4FDF-4AA6-AE98-A1F748572785}.Release|Any CPU.ActiveCfg = Release|Any CPU
		{9CF646E5-4FDF-4AA6-AE98-A1F748572785}.Release|Any CPU.Build.0 = Release|Any CPU
		{31A818C8-B5E0-4314-A65C-CA8A8DD64938}.Debug|Any CPU.ActiveCfg = Debug|Any CPU
		{31A818C8-B5E0-4314-A65C-CA8A8DD64938}.Debug|Any CPU.Build.0 = Debug|Any CPU
		{31A818C8-B5E0-4314-A65C-CA8A8DD64938}.Release|Any CPU.ActiveCfg = Release|Any CPU
		{31A818C8-B5E0-4314-A65C-CA8A8DD64938}.Release|Any CPU.Build.0 = Release|Any CPU
	EndGlobalSection
	GlobalSection(SolutionProperties) = preSolution
		HideSolutionNode = FALSE
	EndGlobalSection
	GlobalSection(ExtensibilityGlobals) = postSolution
		SolutionGuid = {BAB64DF4-810D-407B-A87F-1050935D1974}
	EndGlobalSection
EndGlobal
